
Microsoft Visual Studio Solution File, Format Version 12.00
# Visual Studio Version 16
VisualStudioVersion = 16.0.29201.188
MinimumVisualStudioVersion = 10.0.40219.1
Project("{9A19103F-16F7-4668-BE54-9A1E7A4F7556}") = "Web", "Web\Web.csproj", "{A73E9278-2387-4138-80DA-F30AB0D7B0F7}"
EndProject
Project("{9A19103F-16F7-4668-BE54-9A1E7A4F7556}") = "UnitTest", "UnitTest\UnitTest.csproj", "{EFD30B9A-BAD6-4A87-B7EA-DE81CA9202B2}"
EndProject
Project("{9A19103F-16F7-4668-BE54-9A1E7A4F7556}") = "Model", "Model\Model.csproj", "{42C597DE-38FA-4904-8861-94DD53ACFBFD}"
EndProject
Project("{FAE04EC0-301F-11D3-BF4B-00C04F79EFBC}") = "Entity", "Entity\Entity.csproj", "{6B4EEAD6-B957-4405-B0F6-7605C863C49C}"
EndProject
Global
	GlobalSection(SolutionConfigurationPlatforms) = preSolution
		Debug|Any CPU = Debug|Any CPU
		Release|Any CPU = Release|Any CPU
	EndGlobalSection
	GlobalSection(ProjectConfigurationPlatforms) = postSolution
		{A73E9278-2387-4138-80DA-F30AB0D7B0F7}.Debug|Any CPU.ActiveCfg = Debug|Any CPU
		{A73E9278-2387-4138-80DA-F30AB0D7B0F7}.Debug|Any CPU.Build.0 = Debug|Any CPU
		{A73E9278-2387-4138-80DA-F30AB0D7B0F7}.Release|Any CPU.ActiveCfg = Release|Any CPU
		{A73E9278-2387-4138-80DA-F30AB0D7B0F7}.Release|Any CPU.Build.0 = Release|Any CPU
		{EFD30B9A-BAD6-4A87-B7EA-DE81CA9202B2}.Debug|Any CPU.ActiveCfg = Debug|Any CPU
		{EFD30B9A-BAD6-4A87-B7EA-DE81CA9202B2}.Debug|Any CPU.Build.0 = Debug|Any CPU
		{EFD30B9A-BAD6-4A87-B7EA-DE81CA9202B2}.Release|Any CPU.ActiveCfg = Release|Any CPU
		{EFD30B9A-BAD6-4A87-B7EA-DE81CA9202B2}.Release|Any CPU.Build.0 = Release|Any CPU
		{42C597DE-38FA-4904-8861-94DD53ACFBFD}.Debug|Any CPU.ActiveCfg = Debug|Any CPU
		{42C597DE-38FA-4904-8861-94DD53ACFBFD}.Debug|Any CPU.Build.0 = Debug|Any CPU
		{42C597DE-38FA-4904-8861-94DD53ACFBFD}.Release|Any CPU.ActiveCfg = Release|Any CPU
		{42C597DE-38FA-4904-8861-94DD53ACFBFD}.Release|Any CPU.Build.0 = Release|Any CPU
		{6B4EEAD6-B957-4405-B0F6-7605C863C49C}.Debug|Any CPU.ActiveCfg = Debug|Any CPU
		{6B4EEAD6-B957-4405-B0F6-7605C863C49C}.Debug|Any CPU.Build.0 = Debug|Any CPU
		{6B4EEAD6-B957-4405-B0F6-7605C863C49C}.Release|Any CPU.ActiveCfg = Release|Any CPU
		{6B4EEAD6-B957-4405-B0F6-7605C863C49C}.Release|Any CPU.Build.0 = Release|Any CPU
	EndGlobalSection
	GlobalSection(SolutionProperties) = preSolution
		HideSolutionNode = FALSE
	EndGlobalSection
	GlobalSection(ExtensibilityGlobals) = postSolution
		SolutionGuid = {CC1052DD-A453-4D79-BAAB-2B992F14A9FB}
	EndGlobalSection
EndGlobal
